
Microsoft Visual Studio Solution File, Format Version 12.00
# Visual Studio Version 16
VisualStudioVersion = 16.0.31702.278
MinimumVisualStudioVersion = 10.0.40219.1
Project("{FAE04EC0-301F-11D3-BF4B-00C04F79EFBC}") = "SqlDbEncrypter", "SqlDbEncrypter\SqlDbEncrypter.csproj", "{69631D3C-8969-4214-9425-E54597F2E949}"
EndProject
Global
	GlobalSection(SolutionConfigurationPlatforms) = preSolution
		Debug|Any CPU = Debug|Any CPU
		Release|Any CPU = Release|Any CPU
	EndGlobalSection
	GlobalSection(ProjectConfigurationPlatforms) = postSolution
		{69631D3C-8969-4214-9425-E54597F2E949}.Debug|Any CPU.ActiveCfg = Debug|Any CPU
		{69631D3C-8969-4214-9425-E54597F2E949}.Debug|Any CPU.Build.0 = Debug|Any CPU
		{69631D3C-8969-4214-9425-E54597F2E949}.Release|Any CPU.ActiveCfg = Release|Any CPU
		{69631D3C-8969-4214-9425-E54597F2E949}.Release|Any CPU.Build.0 = Release|Any CPU
	EndGlobalSection
	GlobalSection(SolutionProperties) = preSolution
		HideSolutionNode = FALSE
	EndGlobalSection
	GlobalSection(ExtensibilityGlobals) = postSolution
		SolutionGuid = {056C92E7-4993-4E4E-9241-4529121E2114}
	EndGlobalSection
EndGlobal
